
Microsoft Visual Studio Solution File, Format Version 12.00
# Visual Studio Version 16
VisualStudioVersion = 16.0.29230.61
MinimumVisualStudioVersion = 10.0.40219.1
Project("{9A19103F-16F7-4668-BE54-9A1E7A4F7556}") = "Way2.Domain.Entities", "Way2.Domain.Entities\Way2.Domain.Entities.csproj", "{46E3B3DA-5079-4E1F-BBBA-70555EA2FB55}"
EndProject
Project("{2150E333-8FDC-42A3-9474-1A3956D46DE8}") = "Domain", "Domain", "{82A6354D-A6A4-423E-AA5F-6F3ECDB22AB2}"
EndProject
Project("{9A19103F-16F7-4668-BE54-9A1E7A4F7556}") = "Way2.Application.Validations", "Way2.Application.Validations\Way2.Application.Validations.csproj", "{9736C18E-AAAB-4201-9724-DF27CFBAE862}"
EndProject
Project("{2150E333-8FDC-42A3-9474-1A3956D46DE8}") = "Infrastructure", "Infrastructure", "{7745F2A1-274F-4F25-B137-9774701989F9}"
EndProject
Project("{9A19103F-16F7-4668-BE54-9A1E7A4F7556}") = "Way2.Presentation.WebApi", "Way2.Web\Way2.Presentation.WebApi.csproj", "{24E9C366-6C75-4DFD-AD69-F714BE91BBC7}"
EndProject
Project("{9A19103F-16F7-4668-BE54-9A1E7A4F7556}") = "Way2.Infrastructure.Persistence", "Way2.Infrastructure.Persistence\Way2.Infrastructure.Persistence.csproj", "{04CAF02D-43AE-4B4E-9995-B091A485A381}"
EndProject
Project("{9A19103F-16F7-4668-BE54-9A1E7A4F7556}") = "Way2.Domain.Entities.Abstractions", "Way2.Domain.Entities.Abstractions\Way2.Domain.Entities.Abstractions.csproj", "{43510CEC-4752-4533-9C5A-76B98BBD44C4}"
EndProject
Project("{9A19103F-16F7-4668-BE54-9A1E7A4F7556}") = "Way2.Application.Validations.Abstractions", "Way2.Application.Validations.Abstractions\Way2.Application.Validations.Abstractions.csproj", "{FB682219-E22A-44D3-B7CC-B1572D584058}"
EndProject
Project("{9A19103F-16F7-4668-BE54-9A1E7A4F7556}") = "Way2.Application.Repositories.Abstractions", "Way2.Application.Repositories.Abstractions\Way2.Application.Repositories.Abstractions.csproj", "{682FFAD6-EF2F-414B-8A15-2822FAD100F0}"
EndProject
Project("{9A19103F-16F7-4668-BE54-9A1E7A4F7556}") = "Way2.Infrastructure.DependencyResolution", "Way2.Infrastructure.DependencyResolution\Way2.Infrastructure.DependencyResolution.csproj", "{8EC0B87F-8464-47D8-AFD2-D425EBA9681B}"
EndProject
Project("{9A19103F-16F7-4668-BE54-9A1E7A4F7556}") = "Way2.IntegrationTest", "Way2.IntegrationTest\Way2.IntegrationTest.csproj", "{E1B4455F-3F23-44EA-BC7D-E80DD3BB09A8}"
EndProject
Project("{9A19103F-16F7-4668-BE54-9A1E7A4F7556}") = "Way2.Application.Events", "Way2.Application.Events\Way2.Application.Events.csproj", "{07DC1854-8D5E-4F10-96D3-524AE0ADAF40}"
EndProject
Project("{9A19103F-16F7-4668-BE54-9A1E7A4F7556}") = "Way2.Common", "Way2.Common\Way2.Common.csproj", "{C0189FF8-755B-41E2-B521-3AAA88DC8CA6}"
EndProject
Project("{2150E333-8FDC-42A3-9474-1A3956D46DE8}") = "Application", "Application", "{C4F1C475-568A-4655-A988-C98FA8C0C948}"
EndProject
Project("{2150E333-8FDC-42A3-9474-1A3956D46DE8}") = "Common", "Common", "{AD3DED29-8F69-409C-91A4-47F69EB49B9A}"
EndProject
Project("{2150E333-8FDC-42A3-9474-1A3956D46DE8}") = "Core", "Core", "{E33E65DA-D97C-4522-A8E9-617D08CBCFF6}"
EndProject
Project("{2150E333-8FDC-42A3-9474-1A3956D46DE8}") = "Presentation", "Presentation", "{7D6647A4-79E5-4EDD-B269-2889A1E35329}"
EndProject
Project("{2150E333-8FDC-42A3-9474-1A3956D46DE8}") = "Test", "Test", "{C58F2424-F764-451F-B250-15B29E27FFC3}"
EndProject
Project("{9A19103F-16F7-4668-BE54-9A1E7A4F7556}") = "Way2.Application.UseCases", "Way2.Application.UseCases\Way2.Application.UseCases.csproj", "{B32F842A-A604-4BD4-80D8-892719A29703}"
EndProject
Project("{9A19103F-16F7-4668-BE54-9A1E7A4F7556}") = "Way2.Application.UseCases.Abstractions", "Way2.Application.UseCases.Abstractions\Way2.Application.UseCases.Abstractions.csproj", "{9265D571-A373-4F7D-9DB6-0C194D9F98DF}"
EndProject
Project("{9A19103F-16F7-4668-BE54-9A1E7A4F7556}") = "Way2.Application.Services", "Way2.Application.Services\Way2.Application.Services.csproj", "{BC893B6D-6308-4F45-AC4C-0B5BD7725898}"
EndProject
Project("{9A19103F-16F7-4668-BE54-9A1E7A4F7556}") = "Way2.UnitTest", "Way2.UnitTest\Way2.UnitTest.csproj", "{5059D531-9AF9-4F5A-A4CA-33A81D2BF5F0}"
EndProject
Project("{9A19103F-16F7-4668-BE54-9A1E7A4F7556}") = "Way2.Application.Data", "Way2.Application.Data\Way2.Application.Data.csproj", "{21E09344-1B28-492C-9E42-D34FA133CEC9}"
EndProject
Global
	GlobalSection(SolutionConfigurationPlatforms) = preSolution
		Debug|Any CPU = Debug|Any CPU
		Release|Any CPU = Release|Any CPU
	EndGlobalSection
	GlobalSection(ProjectConfigurationPlatforms) = postSolution
		{46E3B3DA-5079-4E1F-BBBA-70555EA2FB55}.Debug|Any CPU.ActiveCfg = Debug|Any CPU
		{46E3B3DA-5079-4E1F-BBBA-70555EA2FB55}.Debug|Any CPU.Build.0 = Debug|Any CPU
		{46E3B3DA-5079-4E1F-BBBA-70555EA2FB55}.Release|Any CPU.ActiveCfg = Release|Any CPU
		{46E3B3DA-5079-4E1F-BBBA-70555EA2FB55}.Release|Any CPU.Build.0 = Release|Any CPU
		{9736C18E-AAAB-4201-9724-DF27CFBAE862}.Debug|Any CPU.ActiveCfg = Debug|Any CPU
		{9736C18E-AAAB-4201-9724-DF27CFBAE862}.Debug|Any CPU.Build.0 = Debug|Any CPU
		{9736C18E-AAAB-4201-9724-DF27CFBAE862}.Release|Any CPU.ActiveCfg = Release|Any CPU
		{9736C18E-AAAB-4201-9724-DF27CFBAE862}.Release|Any CPU.Build.0 = Release|Any CPU
		{24E9C366-6C75-4DFD-AD69-F714BE91BBC7}.Debug|Any CPU.ActiveCfg = Debug|Any CPU
		{24E9C366-6C75-4DFD-AD69-F714BE91BBC7}.Debug|Any CPU.Build.0 = Debug|Any CPU
		{24E9C366-6C75-4DFD-AD69-F714BE91BBC7}.Release|Any CPU.ActiveCfg = Release|Any CPU
		{24E9C366-6C75-4DFD-AD69-F714BE91BBC7}.Release|Any CPU.Build.0 = Release|Any CPU
		{04CAF02D-43AE-4B4E-9995-B091A485A381}.Debug|Any CPU.ActiveCfg = Debug|Any CPU
		{04CAF02D-43AE-4B4E-9995-B091A485A381}.Debug|Any CPU.Build.0 = Debug|Any CPU
		{04CAF02D-43AE-4B4E-9995-B091A485A381}.Release|Any CPU.ActiveCfg = Release|Any CPU
		{04CAF02D-43AE-4B4E-9995-B091A485A381}.Release|Any CPU.Build.0 = Release|Any CPU
		{43510CEC-4752-4533-9C5A-76B98BBD44C4}.Debug|Any CPU.ActiveCfg = Debug|Any CPU
		{43510CEC-4752-4533-9C5A-76B98BBD44C4}.Debug|Any CPU.Build.0 = Debug|Any CPU
		{43510CEC-4752-4533-9C5A-76B98BBD44C4}.Release|Any CPU.ActiveCfg = Release|Any CPU
		{43510CEC-4752-4533-9C5A-76B98BBD44C4}.Release|Any CPU.Build.0 = Release|Any CPU
		{FB682219-E22A-44D3-B7CC-B1572D584058}.Debug|Any CPU.ActiveCfg = Debug|Any CPU
		{FB682219-E22A-44D3-B7CC-B1572D584058}.Debug|Any CPU.Build.0 = Debug|Any CPU
		{FB682219-E22A-44D3-B7CC-B1572D584058}.Release|Any CPU.ActiveCfg = Release|Any CPU
		{FB682219-E22A-44D3-B7CC-B1572D584058}.Release|Any CPU.Build.0 = Release|Any CPU
		{682FFAD6-EF2F-414B-8A15-2822FAD100F0}.Debug|Any CPU.ActiveCfg = Debug|Any CPU
		{682FFAD6-EF2F-414B-8A15-2822FAD100F0}.Debug|Any CPU.Build.0 = Debug|Any CPU
		{682FFAD6-EF2F-414B-8A15-2822FAD100F0}.Release|Any CPU.ActiveCfg = Release|Any CPU
		{682FFAD6-EF2F-414B-8A15-2822FAD100F0}.Release|Any CPU.Build.0 = Release|Any CPU
		{8EC0B87F-8464-47D8-AFD2-D425EBA9681B}.Debug|Any CPU.ActiveCfg = Debug|Any CPU
		{8EC0B87F-8464-47D8-AFD2-D425EBA9681B}.Debug|Any CPU.Build.0 = Debug|Any CPU
		{8EC0B87F-8464-47D8-AFD2-D425EBA9681B}.Release|Any CPU.ActiveCfg = Release|Any CPU
		{8EC0B87F-8464-47D8-AFD2-D425EBA9681B}.Release|Any CPU.Build.0 = Release|Any CPU
		{E1B4455F-3F23-44EA-BC7D-E80DD3BB09A8}.Debug|Any CPU.ActiveCfg = Debug|Any CPU
		{E1B4455F-3F23-44EA-BC7D-E80DD3BB09A8}.Debug|Any CPU.Build.0 = Debug|Any CPU
		{E1B4455F-3F23-44EA-BC7D-E80DD3BB09A8}.Release|Any CPU.ActiveCfg = Release|Any CPU
		{E1B4455F-3F23-44EA-BC7D-E80DD3BB09A8}.Release|Any CPU.Build.0 = Release|Any CPU
		{07DC1854-8D5E-4F10-96D3-524AE0ADAF40}.Debug|Any CPU.ActiveCfg = Debug|Any CPU
		{07DC1854-8D5E-4F10-96D3-524AE0ADAF40}.Debug|Any CPU.Build.0 = Debug|Any CPU
		{07DC1854-8D5E-4F10-96D3-524AE0ADAF40}.Release|Any CPU.ActiveCfg = Release|Any CPU
		{07DC1854-8D5E-4F10-96D3-524AE0ADAF40}.Release|Any CPU.Build.0 = Release|Any CPU
		{C0189FF8-755B-41E2-B521-3AAA88DC8CA6}.Debug|Any CPU.ActiveCfg = Debug|Any CPU
		{C0189FF8-755B-41E2-B521-3AAA88DC8CA6}.Debug|Any CPU.Build.0 = Debug|Any CPU
		{C0189FF8-755B-41E2-B521-3AAA88DC8CA6}.Release|Any CPU.ActiveCfg = Release|Any CPU
		{C0189FF8-755B-41E2-B521-3AAA88DC8CA6}.Release|Any CPU.Build.0 = Release|Any CPU
		{B32F842A-A604-4BD4-80D8-892719A29703}.Debug|Any CPU.ActiveCfg = Debug|Any CPU
		{B32F842A-A604-4BD4-80D8-892719A29703}.Debug|Any CPU.Build.0 = Debug|Any CPU
		{B32F842A-A604-4BD4-80D8-892719A29703}.Release|Any CPU.ActiveCfg = Release|Any CPU
		{B32F842A-A604-4BD4-80D8-892719A29703}.Release|Any CPU.Build.0 = Release|Any CPU
		{9265D571-A373-4F7D-9DB6-0C194D9F98DF}.Debug|Any CPU.ActiveCfg = Debug|Any CPU
		{9265D571-A373-4F7D-9DB6-0C194D9F98DF}.Debug|Any CPU.Build.0 = Debug|Any CPU
		{9265D571-A373-4F7D-9DB6-0C194D9F98DF}.Release|Any CPU.ActiveCfg = Release|Any CPU
		{9265D571-A373-4F7D-9DB6-0C194D9F98DF}.Release|Any CPU.Build.0 = Release|Any CPU
		{BC893B6D-6308-4F45-AC4C-0B5BD7725898}.Debug|Any CPU.ActiveCfg = Debug|Any CPU
		{BC893B6D-6308-4F45-AC4C-0B5BD7725898}.Debug|Any CPU.Build.0 = Debug|Any CPU
		{BC893B6D-6308-4F45-AC4C-0B5BD7725898}.Release|Any CPU.ActiveCfg = Release|Any CPU
		{BC893B6D-6308-4F45-AC4C-0B5BD7725898}.Release|Any CPU.Build.0 = Release|Any CPU
		{5059D531-9AF9-4F5A-A4CA-33A81D2BF5F0}.Debug|Any CPU.ActiveCfg = Debug|Any CPU
		{5059D531-9AF9-4F5A-A4CA-33A81D2BF5F0}.Debug|Any CPU.Build.0 = Debug|Any CPU
		{5059D531-9AF9-4F5A-A4CA-33A81D2BF5F0}.Release|Any CPU.ActiveCfg = Release|Any CPU
		{5059D531-9AF9-4F5A-A4CA-33A81D2BF5F0}.Release|Any CPU.Build.0 = Release|Any CPU
		{21E09344-1B28-492C-9E42-D34FA133CEC9}.Debug|Any CPU.ActiveCfg = Debug|Any CPU
		{21E09344-1B28-492C-9E42-D34FA133CEC9}.Debug|Any CPU.Build.0 = Debug|Any CPU
		{21E09344-1B28-492C-9E42-D34FA133CEC9}.Release|Any CPU.ActiveCfg = Release|Any CPU
		{21E09344-1B28-492C-9E42-D34FA133CEC9}.Release|Any CPU.Build.0 = Release|Any CPU
	EndGlobalSection
	GlobalSection(SolutionProperties) = preSolution
		HideSolutionNode = FALSE
	EndGlobalSection
	GlobalSection(NestedProjects) = preSolution
		{46E3B3DA-5079-4E1F-BBBA-70555EA2FB55} = {82A6354D-A6A4-423E-AA5F-6F3ECDB22AB2}
		{82A6354D-A6A4-423E-AA5F-6F3ECDB22AB2} = {E33E65DA-D97C-4522-A8E9-617D08CBCFF6}
		{9736C18E-AAAB-4201-9724-DF27CFBAE862} = {C4F1C475-568A-4655-A988-C98FA8C0C948}
		{24E9C366-6C75-4DFD-AD69-F714BE91BBC7} = {7D6647A4-79E5-4EDD-B269-2889A1E35329}
		{04CAF02D-43AE-4B4E-9995-B091A485A381} = {7745F2A1-274F-4F25-B137-9774701989F9}
		{43510CEC-4752-4533-9C5A-76B98BBD44C4} = {82A6354D-A6A4-423E-AA5F-6F3ECDB22AB2}
		{FB682219-E22A-44D3-B7CC-B1572D584058} = {C4F1C475-568A-4655-A988-C98FA8C0C948}
		{682FFAD6-EF2F-414B-8A15-2822FAD100F0} = {C4F1C475-568A-4655-A988-C98FA8C0C948}
		{8EC0B87F-8464-47D8-AFD2-D425EBA9681B} = {7745F2A1-274F-4F25-B137-9774701989F9}
		{E1B4455F-3F23-44EA-BC7D-E80DD3BB09A8} = {C58F2424-F764-451F-B250-15B29E27FFC3}
		{07DC1854-8D5E-4F10-96D3-524AE0ADAF40} = {C4F1C475-568A-4655-A988-C98FA8C0C948}
		{C0189FF8-755B-41E2-B521-3AAA88DC8CA6} = {AD3DED29-8F69-409C-91A4-47F69EB49B9A}
		{C4F1C475-568A-4655-A988-C98FA8C0C948} = {E33E65DA-D97C-4522-A8E9-617D08CBCFF6}
		{B32F842A-A604-4BD4-80D8-892719A29703} = {C4F1C475-568A-4655-A988-C98FA8C0C948}
		{9265D571-A373-4F7D-9DB6-0C194D9F98DF} = {C4F1C475-568A-4655-A988-C98FA8C0C948}
		{BC893B6D-6308-4F45-AC4C-0B5BD7725898} = {C4F1C475-568A-4655-A988-C98FA8C0C948}
		{5059D531-9AF9-4F5A-A4CA-33A81D2BF5F0} = {C58F2424-F764-451F-B250-15B29E27FFC3}
		{21E09344-1B28-492C-9E42-D34FA133CEC9} = {C4F1C475-568A-4655-A988-C98FA8C0C948}
	EndGlobalSection
	GlobalSection(ExtensibilityGlobals) = postSolution
		SolutionGuid = {5019D143-F242-45DA-8B16-6D9A5207DDC6}
	EndGlobalSection
EndGlobal
